
Microsoft Visual Studio Solution File, Format Version 12.00
# Visual Studio Version 17
VisualStudioVersion = 17.5.33516.290
MinimumVisualStudioVersion = 10.0.40219.1
Project("{FAE04EC0-301F-11D3-BF4B-00C04F79EFBC}") = "HW_1CS", "HW_1CS\HW_1CS.csproj", "{5D7EE7A9-00D6-400E-9C53-57878692A33F}"
EndProject
Global
	GlobalSection(SolutionConfigurationPlatforms) = preSolution
		Debug|Any CPU = Debug|Any CPU
		Release|Any CPU = Release|Any CPU
	EndGlobalSection
	GlobalSection(ProjectConfigurationPlatforms) = postSolution
		{5D7EE7A9-00D6-400E-9C53-57878692A33F}.Debug|Any CPU.ActiveCfg = Debug|Any CPU
		{5D7EE7A9-00D6-400E-9C53-57878692A33F}.Debug|Any CPU.Build.0 = Debug|Any CPU
		{5D7EE7A9-00D6-400E-9C53-57878692A33F}.Release|Any CPU.ActiveCfg = Release|Any CPU
		{5D7EE7A9-00D6-400E-9C53-57878692A33F}.Release|Any CPU.Build.0 = Release|Any CPU
	EndGlobalSection
	GlobalSection(SolutionProperties) = preSolution
		HideSolutionNode = FALSE
	EndGlobalSection
	GlobalSection(ExtensibilityGlobals) = postSolution
		SolutionGuid = {E3D5A491-C4D7-4613-98C1-B8FE138EDFC5}
	EndGlobalSection
EndGlobal
